
Microsoft Visual Studio Solution File, Format Version 12.00
# Visual Studio Version 16
VisualStudioVersion = 16.0.31613.86
MinimumVisualStudioVersion = 10.0.40219.1
Project("{9A19103F-16F7-4668-BE54-9A1E7A4F7556}") = "KiCadWebOpener", "KiCadWebOpener.csproj", "{79F7C6F8-3D1D-455B-95EC-D0C8FE68DF8B}"
EndProject
Global
	GlobalSection(SolutionConfigurationPlatforms) = preSolution
		Debug|Any CPU = Debug|Any CPU
		Release|Any CPU = Release|Any CPU
	EndGlobalSection
	GlobalSection(ProjectConfigurationPlatforms) = postSolution
		{79F7C6F8-3D1D-455B-95EC-D0C8FE68DF8B}.Debug|Any CPU.ActiveCfg = Debug|Any CPU
		{79F7C6F8-3D1D-455B-95EC-D0C8FE68DF8B}.Debug|Any CPU.Build.0 = Debug|Any CPU
		{79F7C6F8-3D1D-455B-95EC-D0C8FE68DF8B}.Release|Any CPU.ActiveCfg = Release|Any CPU
		{79F7C6F8-3D1D-455B-95EC-D0C8FE68DF8B}.Release|Any CPU.Build.0 = Release|Any CPU
	EndGlobalSection
	GlobalSection(SolutionProperties) = preSolution
		HideSolutionNode = FALSE
	EndGlobalSection
	GlobalSection(ExtensibilityGlobals) = postSolution
		RESX_AutoCreateNewLanguageFiles = True
		SolutionGuid = {5147F9B8-8CD2-4946-BEC3-F6E19834167B}
	EndGlobalSection
EndGlobal
